// !$*UTF8*$!
{
	archiveVersion = 1;
	classes = {
	};
	objectVersion = 56;
	objects = {

/* Begin PBXBuildFile section */
		8C89D2582A07AEB200474724 /* ExcitelCountriesTests.swift in Sources */ = {isa = PBXBuildFile; fileRef = 8C89D2572A07AEB200474724 /* ExcitelCountriesTests.swift */; };
		8CFD2E052A07835B001B2AA4 /* AppDelegate.swift in Sources */ = {isa = PBXBuildFile; fileRef = 8CFD2E042A07835B001B2AA4 /* AppDelegate.swift */; };
		8CFD2E072A07835B001B2AA4 /* SceneDelegate.swift in Sources */ = {isa = PBXBuildFile; fileRef = 8CFD2E062A07835B001B2AA4 /* SceneDelegate.swift */; };
		8CFD2E092A07835B001B2AA4 /* CountriesViewController.swift in Sources */ = {isa = PBXBuildFile; fileRef = 8CFD2E082A07835B001B2AA4 /* CountriesViewController.swift */; };
		8CFD2E0C2A07835B001B2AA4 /* Countries.storyboard in Resources */ = {isa = PBXBuildFile; fileRef = 8CFD2E0A2A07835B001B2AA4 /* Countries.storyboard */; };
		8CFD2E112A07835F001B2AA4 /* Assets.xcassets in Resources */ = {isa = PBXBuildFile; fileRef = 8CFD2E102A07835F001B2AA4 /* Assets.xcassets */; };
		8CFD2E142A07835F001B2AA4 /* LaunchScreen.storyboard in Resources */ = {isa = PBXBuildFile; fileRef = 8CFD2E122A07835F001B2AA4 /* LaunchScreen.storyboard */; };
/* End PBXBuildFile section */

/* Begin PBXContainerItemProxy section */
		8CFD2E1B2A07835F001B2AA4 /* PBXContainerItemProxy */ = {
			isa = PBXContainerItemProxy;
			containerPortal = 8CFD2DF92A07835B001B2AA4 /* Project object */;
			proxyType = 1;
			remoteGlobalIDString = 8CFD2E002A07835B001B2AA4;
			remoteInfo = ExcitelCountries;
		};
/* End PBXContainerItemProxy section */

/* Begin PBXFileReference section */
		8C89D2572A07AEB200474724 /* ExcitelCountriesTests.swift */ = {isa = PBXFileReference; fileEncoding = 4; lastKnownFileType = sourcecode.swift; path = ExcitelCountriesTests.swift; sourceTree = "<group>"; };
		8CFD2E012A07835B001B2AA4 /* ExcitelCountries.app */ = {isa = PBXFileReference; explicitFileType = wrapper.application; includeInIndex = 0; path = ExcitelCountries.app; sourceTree = BUILT_PRODUCTS_DIR; };
		8CFD2E042A07835B001B2AA4 /* AppDelegate.swift */ = {isa = PBXFileReference; lastKnownFileType = sourcecode.swift; path = AppDelegate.swift; sourceTree = "<group>"; };
		8CFD2E062A07835B001B2AA4 /* SceneDelegate.swift */ = {isa = PBXFileReference; lastKnownFileType = sourcecode.swift; path = SceneDelegate.swift; sourceTree = "<group>"; };
		8CFD2E082A07835B001B2AA4 /* CountriesViewController.swift */ = {isa = PBXFileReference; lastKnownFileType = sourcecode.swift; path = CountriesViewController.swift; sourceTree = "<group>"; };
		8CFD2E0B2A07835B001B2AA4 /* Base */ = {isa = PBXFileReference; lastKnownFileType = file.storyboard; name = Base; path = Base.lproj/Countries.storyboard; sourceTree = "<group>"; };
		8CFD2E102A07835F001B2AA4 /* Assets.xcassets */ = {isa = PBXFileReference; lastKnownFileType = folder.assetcatalog; path = Assets.xcassets; sourceTree = "<group>"; };
		8CFD2E132A07835F001B2AA4 /* Base */ = {isa = PBXFileReference; lastKnownFileType = file.storyboard; name = Base; path = Base.lproj/LaunchScreen.storyboard; sourceTree = "<group>"; };
		8CFD2E152A07835F001B2AA4 /* Info.plist */ = {isa = PBXFileReference; lastKnownFileType = text.plist.xml; path = Info.plist; sourceTree = "<group>"; };
		8CFD2E1A2A07835F001B2AA4 /* ExcitelCountriesTests.xctest */ = {isa = PBXFileReference; explicitFileType = wrapper.cfbundle; includeInIndex = 0; path = ExcitelCountriesTests.xctest; sourceTree = BUILT_PRODUCTS_DIR; };
/* End PBXFileReference section */

/* Begin PBXFrameworksBuildPhase section */
		8CFD2DFE2A07835B001B2AA4 /* Frameworks */ = {
			isa = PBXFrameworksBuildPhase;
			buildActionMask = 2147483647;
			files = (
			);
			runOnlyForDeploymentPostprocessing = 0;
		};
		8CFD2E172A07835F001B2AA4 /* Frameworks */ = {
			isa = PBXFrameworksBuildPhase;
			buildActionMask = 2147483647;
			files = (
			);
			runOnlyForDeploymentPostprocessing = 0;
		};
/* End PBXFrameworksBuildPhase section */

/* Begin PBXGroup section */
		8CFD2DF82A07835B001B2AA4 = {
			isa = PBXGroup;
			children = (
				8CFD2E032A07835B001B2AA4 /* ExcitelCountries */,
				8CFD2E1D2A07835F001B2AA4 /* ExcitelCountriesTests */,
				8CFD2E022A07835B001B2AA4 /* Products */,
			);
			sourceTree = "<group>";
		};
		8CFD2E022A07835B001B2AA4 /* Products */ = {
			isa = PBXGroup;
			children = (
				8CFD2E012A07835B001B2AA4 /* ExcitelCountries.app */,
				8CFD2E1A2A07835F001B2AA4 /* ExcitelCountriesTests.xctest */,
			);
			name = Products;
			sourceTree = "<group>";
		};
		8CFD2E032A07835B001B2AA4 /* ExcitelCountries */ = {
			isa = PBXGroup;
			children = (
				8CFD2E042A07835B001B2AA4 /* AppDelegate.swift */,
				8CFD2E062A07835B001B2AA4 /* SceneDelegate.swift */,
				8CFD2E082A07835B001B2AA4 /* CountriesViewController.swift */,
				8CFD2E0A2A07835B001B2AA4 /* Countries.storyboard */,
				8CFD2E102A07835F001B2AA4 /* Assets.xcassets */,
				8CFD2E122A07835F001B2AA4 /* LaunchScreen.storyboard */,
				8CFD2E152A07835F001B2AA4 /* Info.plist */,
			);
			path = ExcitelCountries;
			sourceTree = "<group>";
		};
		8CFD2E1D2A07835F001B2AA4 /* ExcitelCountriesTests */ = {
			isa = PBXGroup;
			children = (
				8C89D2572A07AEB200474724 /* ExcitelCountriesTests.swift */,
			);
			path = ExcitelCountriesTests;
			sourceTree = "<group>";
		};
/* End PBXGroup section */

/* Begin PBXNativeTarget section */
		8CFD2E002A07835B001B2AA4 /* ExcitelCountries */ = {
			isa = PBXNativeTarget;
			buildConfigurationList = 8CFD2E2E2A07835F001B2AA4 /* Build configuration list for PBXNativeTarget "ExcitelCountries" */;
			buildPhases = (
				8CFD2DFD2A07835B001B2AA4 /* Sources */,
				8CFD2DFE2A07835B001B2AA4 /* Frameworks */,
				8CFD2DFF2A07835B001B2AA4 /* Resources */,
			);
			buildRules = (
			);
			dependencies = (
			);
			name = ExcitelCountries;
			productName = ExcitelCountries;
			productReference = 8CFD2E012A07835B001B2AA4 /* ExcitelCountries.app */;
			productType = "com.apple.product-type.application";
		};
		8CFD2E192A07835F001B2AA4 /* ExcitelCountriesTests */ = {
			isa = PBXNativeTarget;
			buildConfigurationList = 8CFD2E312A07835F001B2AA4 /* Build configuration list for PBXNativeTarget "ExcitelCountriesTests" */;
			buildPhases = (
				8CFD2E162A07835F001B2AA4 /* Sources */,
				8CFD2E172A07835F001B2AA4 /* Frameworks */,
				8CFD2E182A07835F001B2AA4 /* Resources */,
			);
			buildRules = (
			);
			dependencies = (
				8CFD2E1C2A07835F001B2AA4 /* PBXTargetDependency */,
			);
			name = ExcitelCountriesTests;
			productName = ExcitelCountriesTests;
			productReference = 8CFD2E1A2A07835F001B2AA4 /* ExcitelCountriesTests.xctest */;
			productType = "com.apple.product-type.bundle.unit-test";
		};
/* End PBXNativeTarget section */

/* Begin PBXProject section */
		8CFD2DF92A07835B001B2AA4 /* Project object */ = {
			isa = PBXProject;
			attributes = {
				BuildIndependentTargetsInParallel = 1;
				LastSwiftUpdateCheck = 1410;
				LastUpgradeCheck = 1410;
				TargetAttributes = {
					8CFD2E002A07835B001B2AA4 = {
						CreatedOnToolsVersion = 14.1;
					};
					8CFD2E192A07835F001B2AA4 = {
						CreatedOnToolsVersion = 14.1;
						TestTargetID = 8CFD2E002A07835B001B2AA4;
					};
				};
			};
			buildConfigurationList = 8CFD2DFC2A07835B001B2AA4 /* Build configuration list for PBXProject "ExcitelCountries" */;
			compatibilityVersion = "Xcode 14.0";
			developmentRegion = en;
			hasScannedForEncodings = 0;
			knownRegions = (
				en,
				Base,
			);
			mainGroup = 8CFD2DF82A07835B001B2AA4;
			productRefGroup = 8CFD2E022A07835B001B2AA4 /* Products */;
			projectDirPath = "";
			projectRoot = "";
			targets = (
				8CFD2E002A07835B001B2AA4 /* ExcitelCountries */,
				8CFD2E192A07835F001B2AA4 /* ExcitelCountriesTests */,
			);
		};
/* End PBXProject section */

/* Begin PBXResourcesBuildPhase section */
		8CFD2DFF2A07835B001B2AA4 /* Resources */ = {
			isa = PBXResourcesBuildPhase;
			buildActionMask = 2147483647;
			files = (
				8CFD2E142A07835F001B2AA4 /* LaunchScreen.storyboard in Resources */,
				8CFD2E112A07835F001B2AA4 /* Assets.xcassets in Resources */,
				8CFD2E0C2A07835B001B2AA4 /* Countries.storyboard in Resources */,
			);
			runOnlyForDeploymentPostprocessing = 0;
		};
		8CFD2E182A07835F001B2AA4 /* Resources */ = {
			isa = PBXResourcesBuildPhase;
			buildActionMask = 2147483647;
			files = (
			);
			runOnlyForDeploymentPostprocessing = 0;
		};
/* End PBXResourcesBuildPhase section */

/* Begin PBXSourcesBuildPhase section */
		8CFD2DFD2A07835B001B2AA4 /* Sources */ = {
			isa = PBXSourcesBuildPhase;
			buildActionMask = 2147483647;
			files = (
				8CFD2E092A07835B001B2AA4 /* CountriesViewController.swift in Sources */,
				8CFD2E052A07835B001B2AA4 /* AppDelegate.swift in Sources */,
				8CFD2E072A07835B001B2AA4 /* SceneDelegate.swift in Sources */,
			);
			runOnlyForDeploymentPostprocessing = 0;
		};
		8CFD2E162A07835F001B2AA4 /* Sources */ = {
			isa = PBXSourcesBuildPhase;
			buildActionMask = 2147483647;
			files = (
				8C89D2582A07AEB200474724 /* ExcitelCountriesTests.swift in Sources */,
			);
			runOnlyForDeploymentPostprocessing = 0;
		};
/* End PBXSourcesBuildPhase section */

/* Begin PBXTargetDependency section */
		8CFD2E1C2A07835F001B2AA4 /* PBXTargetDependency */ = {
			isa = PBXTargetDependency;
			target = 8CFD2E002A07835B001B2AA4 /* ExcitelCountries */;
			targetProxy = 8CFD2E1B2A07835F001B2AA4 /* PBXContainerItemProxy */;
		};
/* End PBXTargetDependency section */

/* Begin PBXVariantGroup section */
		8CFD2E0A2A07835B001B2AA4 /* Countries.storyboard */ = {
			isa = PBXVariantGroup;
			children = (
				8CFD2E0B2A07835B001B2AA4 /* Base */,
			);
			name = Countries.storyboard;
			sourceTree = "<group>";
		};
		8CFD2E122A07835F001B2AA4 /* LaunchScreen.storyboard */ = {
			isa = PBXVariantGroup;
			children = (
				8CFD2E132A07835F001B2AA4 /* Base */,
			);
			name = LaunchScreen.storyboard;
			sourceTree = "<group>";
		};
/* End PBXVariantGroup section */

/* Begin XCBuildConfiguration section */
		8CFD2E2C2A07835F001B2AA4 /* Debug */ = {
			isa = XCBuildConfiguration;
			buildSettings = {
				ALWAYS_SEARCH_USER_PATHS = NO;
				CLANG_ANALYZER_NONNULL = YES;
				CLANG_ANALYZER_NUMBER_OBJECT_CONVERSION = YES_AGGRESSIVE;
				CLANG_CXX_LANGUAGE_STANDARD = "gnu++20";
				CLANG_ENABLE_MODULES = YES;
				CLANG_ENABLE_OBJC_ARC = YES;
				CLANG_ENABLE_OBJC_WEAK = YES;
				CLANG_WARN_BLOCK_CAPTURE_AUTORELEASING = YES;
				CLANG_WARN_BOOL_CONVERSION = YES;
				CLANG_WARN_COMMA = YES;
				CLANG_WARN_CONSTANT_CONVERSION = YES;
				CLANG_WARN_DEPRECATED_OBJC_IMPLEMENTATIONS = YES;
				CLANG_WARN_DIRECT_OBJC_ISA_USAGE = YES_ERROR;
				CLANG_WARN_DOCUMENTATION_COMMENTS = YES;
				CLANG_WARN_EMPTY_BODY = YES;
				CLANG_WARN_ENUM_CONVERSION = YES;
				CLANG_WARN_INFINITE_RECURSION = YES;
				CLANG_WARN_INT_CONVERSION = YES;
				CLANG_WARN_NON_LITERAL_NULL_CONVERSION = YES;
				CLANG_WARN_OBJC_IMPLICIT_RETAIN_SELF = YES;
				CLANG_WARN_OBJC_LITERAL_CONVERSION = YES;
				CLANG_WARN_OBJC_ROOT_CLASS = YES_ERROR;
				CLANG_WARN_QUOTED_INCLUDE_IN_FRAMEWORK_HEADER = YES;
				CLANG_WARN_RANGE_LOOP_ANALYSIS = YES;
				CLANG_WARN_STRICT_PROTOTYPES = YES;
				CLANG_WARN_SUSPICIOUS_MOVE = YES;
				CLANG_WARN_UNGUARDED_AVAILABILITY = YES_AGGRESSIVE;
				CLANG_WARN_UNREACHABLE_CODE = YES;
				CLANG_WARN__DUPLICATE_METHOD_MATCH = YES;
				COPY_PHASE_STRIP = NO;
				DEBUG_INFORMATION_FORMAT = dwarf;
				ENABLE_STRICT_OBJC_MSGSEND = YES;
				ENABLE_TESTABILITY = YES;
				GCC_C_LANGUAGE_STANDARD = gnu11;
				GCC_DYNAMIC_NO_PIC = NO;
				GCC_NO_COMMON_BLOCKS = YES;
				GCC_OPTIMIZATION_LEVEL = 0;
				GCC_PREPROCESSOR_DEFINITIONS = (
					"DEBUG=1",
					"$(inherited)",
				);
				GCC_WARN_64_TO_32_BIT_CONVERSION = YES;
				GCC_WARN_ABOUT_RETURN_TYPE = YES_ERROR;
				GCC_WARN_UNDECLARED_SELECTOR = YES;
				GCC_WARN_UNINITIALIZED_AUTOS = YES_AGGRESSIVE;
				GCC_WARN_UNUSED_FUNCTION = YES;
				GCC_WARN_UNUSED_VARIABLE = YES;
				IPHONEOS_DEPLOYMENT_TARGET = 16.1;
				MTL_ENABLE_DEBUG_INFO = INCLUDE_SOURCE;
				MTL_FAST_MATH = YES;
				ONLY_ACTIVE_ARCH = YES;
				SDKROOT = iphoneos;
				SWIFT_ACTIVE_COMPILATION_CONDITIONS = DEBUG;
				SWIFT_OPTIMIZATION_LEVEL = "-Onone";
			};
			name = Debug;
		};
		8CFD2E2D2A07835F001B2AA4 /* Release */ = {
			isa = XCBuildConfiguration;
			buildSettings = {
				ALWAYS_SEARCH_USER_PATHS = NO;
				CLANG_ANALYZER_NONNULL = YES;
				CLANG_ANALYZER_NUMBER_OBJECT_CONVERSION = YES_AGGRESSIVE;
				CLANG_CXX_LANGUAGE_STANDARD = "gnu++20";
				CLANG_ENABLE_MODULES = YES;
				CLANG_ENABLE_OBJC_ARC = YES;
				CLANG_ENABLE_OBJC_WEAK = YES;
				CLANG_WARN_BLOCK_CAPTURE_AUTORELEASING = YES;
				CLANG_WARN_BOOL_CONVERSION = YES;
				CLANG_WARN_COMMA = YES;
				CLANG_WARN_CONSTANT_CONVERSION = YES;
				CLANG_WARN_DEPRECATED_OBJC_IMPLEMENTATIONS = YES;
				CLANG_WARN_DIRECT_OBJC_ISA_USAGE = YES_ERROR;
				CLANG_WARN_DOCUMENTATION_COMMENTS = YES;
				CLANG_WARN_EMPTY_BODY = YES;
				CLANG_WARN_ENUM_CONVERSION = YES;
				CLANG_WARN_INFINITE_RECURSION = YES;
				CLANG_WARN_INT_CONVERSION = YES;
				CLANG_WARN_NON_LITERAL_NULL_CONVERSION = YES;
				CLANG_WARN_OBJC_IMPLICIT_RETAIN_SELF = YES;
				CLANG_WARN_OBJC_LITERAL_CONVERSION = YES;
				CLANG_WARN_OBJC_ROOT_CLASS = YES_ERROR;
				CLANG_WARN_QUOTED_INCLUDE_IN_FRAMEWORK_HEADER = YES;
				CLANG_WARN_RANGE_LOOP_ANALYSIS = YES;
				CLANG_WARN_STRICT_PROTOTYPES = YES;
				CLANG_WARN_SUSPICIOUS_MOVE = YES;
				CLANG_WARN_UNGUARDED_AVAILABILITY = YES_AGGRESSIVE;
				CLANG_WARN_UNREACHABLE_CODE = YES;
				CLANG_WARN__DUPLICATE_METHOD_MATCH = YES;
				COPY_PHASE_STRIP = NO;
				DEBUG_INFORMATION_FORMAT = "dwarf-with-dsym";
				ENABLE_NS_ASSERTIONS = NO;
				ENABLE_STRICT_OBJC_MSGSEND = YES;
				GCC_C_LANGUAGE_STANDARD = gnu11;
				GCC_NO_COMMON_BLOCKS = YES;
				GCC_WARN_64_TO_32_BIT_CONVERSION = YES;
				GCC_WARN_ABOUT_RETURN_TYPE = YES_ERROR;
				GCC_WARN_UNDECLARED_SELECTOR = YES;
				GCC_WARN_UNINITIALIZED_AUTOS = YES_AGGRESSIVE;
				GCC_WARN_UNUSED_FUNCTION = YES;
				GCC_WARN_UNUSED_VARIABLE = YES;
				IPHONEOS_DEPLOYMENT_TARGET = 16.1;
				MTL_ENABLE_DEBUG_INFO = NO;
				MTL_FAST_MATH = YES;
				SDKROOT = iphoneos;
				SWIFT_COMPILATION_MODE = wholemodule;
				SWIFT_OPTIMIZATION_LEVEL = "-O";
				VALIDATE_PRODUCT = YES;
			};
			name = Release;
		};
		8CFD2E2F2A07835F001B2AA4 /* Debug */ = {
			isa = XCBuildConfiguration;
			buildSettings = {
				ASSETCATALOG_COMPILER_APPICON_NAME = AppIcon;
				ASSETCATALOG_COMPILER_GLOBAL_ACCENT_COLOR_NAME = AccentColor;
				CODE_SIGN_STYLE = Automatic;
				CURRENT_PROJECT_VERSION = 1;
				DEVELOPMENT_TEAM = 27Z9MJ7PUR;
				GENERATE_INFOPLIST_FILE = YES;
				INFOPLIST_FILE = ExcitelCountries/Info.plist;
				INFOPLIST_KEY_UIApplicationSupportsIndirectInputEvents = YES;
				INFOPLIST_KEY_UILaunchStoryboardName = Countries.storyboard;
				INFOPLIST_KEY_UIMainStoryboardFile = Main;
				INFOPLIST_KEY_UISupportedInterfaceOrientations = "UIInterfaceOrientationLandscapeLeft UIInterfaceOrientationLandscapeRight UIInterfaceOrientationPortrait";
				IPHONEOS_DEPLOYMENT_TARGET = 16.1;
				LD_RUNPATH_SEARCH_PATHS = (
					"$(inherited)",
					"@executable_path/Frameworks",
				);
				MARKETING_VERSION = 1.0;
				PRODUCT_BUNDLE_IDENTIFIER = com.excitel.ExcitelCountries;
				PRODUCT_NAME = "$(TARGET_NAME)";
				SWIFT_EMIT_LOC_STRINGS = YES;
				SWIFT_VERSION = 5.0;
				TARGETED_DEVICE_FAMILY = "1,2";
			};
			name = Debug;
		};
		8CFD2E302A07835F001B2AA4 /* Release */ = {
			isa = XCBuildConfiguration;
			buildSettings = {
				ASSETCATALOG_COMPILER_APPICON_NAME = AppIcon;
				ASSETCATALOG_COMPILER_GLOBAL_ACCENT_COLOR_NAME = AccentColor;
				CODE_SIGN_STYLE = Automatic;
				CURRENT_PROJECT_VERSION = 1;
				DEVELOPMENT_TEAM = 27Z9MJ7PUR;
				GENERATE_INFOPLIST_FILE = YES;
				INFOPLIST_FILE = ExcitelCountries/Info.plist;
				INFOPLIST_KEY_UIApplicationSupportsIndirectInputEvents = YES;
				INFOPLIST_KEY_UILaunchStoryboardName = Countries.storyboard;
				INFOPLIST_KEY_UIMainStoryboardFile = Main;
				INFOPLIST_KEY_UISupportedInterfaceOrientations = "UIInterfaceOrientationLandscapeLeft UIInterfaceOrientationLandscapeRight UIInterfaceOrientationPortrait";
				IPHONEOS_DEPLOYMENT_TARGET = 16.1;
				LD_RUNPATH_SEARCH_PATHS = (
					"$(inherited)",
					"@executable_path/Frameworks",
				);
				MARKETING_VERSION = 1.0;
				PRODUCT_BUNDLE_IDENTIFIER = com.excitel.ExcitelCountries;
				PRODUCT_NAME = "$(TARGET_NAME)";
				SWIFT_EMIT_LOC_STRINGS = YES;
				SWIFT_VERSION = 5.0;
				TARGETED_DEVICE_FAMILY = "1,2";
			};
			name = Release;
		};
		8CFD2E322A07835F001B2AA4 /* Debug */ = {
			isa = XCBuildConfiguration;
			buildSettings = {
				ALWAYS_EMBED_SWIFT_STANDARD_LIBRARIES = YES;
				BUNDLE_LOADER = "$(TEST_HOST)";
				CODE_SIGN_STYLE = Automatic;
				CURRENT_PROJECT_VERSION = 1;
				DEVELOPMENT_TEAM = 27Z9MJ7PUR;
				GENERATE_INFOPLIST_FILE = YES;
				IPHONEOS_DEPLOYMENT_TARGET = 16.1;
				MARKETING_VERSION = 1.0;
				PRODUCT_BUNDLE_IDENTIFIER = com.excitel.ExcitelCountriesTests;
				PRODUCT_NAME = "$(TARGET_NAME)";
				SWIFT_EMIT_LOC_STRINGS = NO;
				SWIFT_VERSION = 5.0;
				TARGETED_DEVICE_FAMILY = "1,2";
				TEST_HOST = "$(BUILT_PRODUCTS_DIR)/ExcitelCountries.app/$(BUNDLE_EXECUTABLE_FOLDER_PATH)/ExcitelCountries";
			};
			name = Debug;
		};
		8CFD2E332A07835F001B2AA4 /* Release */ = {
			isa = XCBuildConfiguration;
			buildSettings = {
				ALWAYS_EMBED_SWIFT_STANDARD_LIBRARIES = YES;
				BUNDLE_LOADER = "$(TEST_HOST)";
				CODE_SIGN_STYLE = Automatic;
				CURRENT_PROJECT_VERSION = 1;
				DEVELOPMENT_TEAM = 27Z9MJ7PUR;
				GENERATE_INFOPLIST_FILE = YES;
				IPHONEOS_DEPLOYMENT_TARGET = 16.1;
				MARKETING_VERSION = 1.0;
				PRODUCT_BUNDLE_IDENTIFIER = com.excitel.ExcitelCountriesTests;
				PRODUCT_NAME = "$(TARGET_NAME)";
				SWIFT_EMIT_LOC_STRINGS = NO;
				SWIFT_VERSION = 5.0;
				TARGETED_DEVICE_FAMILY = "1,2";
				TEST_HOST = "$(BUILT_PRODUCTS_DIR)/ExcitelCountries.app/$(BUNDLE_EXECUTABLE_FOLDER_PATH)/ExcitelCountries";
			};
			name = Release;
		};
/* End XCBuildConfiguration section */

/* Begin XCConfigurationList section */
		8CFD2DFC2A07835B001B2AA4 /* Build configuration list for PBXProject "ExcitelCountries" */ = {
			isa = XCConfigurationList;
			buildConfigurations = (
				8CFD2E2C2A07835F001B2AA4 /* Debug */,
				8CFD2E2D2A07835F001B2AA4 /* Release */,
			);
			defaultConfigurationIsVisible = 0;
			defaultConfigurationName = Release;
		};
		8CFD2E2E2A07835F001B2AA4 /* Build configuration list for PBXNativeTarget "ExcitelCountries" */ = {
			isa = XCConfigurationList;
			buildConfigurations = (
				8CFD2E2F2A07835F001B2AA4 /* Debug */,
				8CFD2E302A07835F001B2AA4 /* Release */,
			);
			defaultConfigurationIsVisible = 0;
			defaultConfigurationName = Release;
		};
		8CFD2E312A07835F001B2AA4 /* Build configuration list for PBXNativeTarget "ExcitelCountriesTests" */ = {
			isa = XCConfigurationList;
			buildConfigurations = (
				8CFD2E322A07835F001B2AA4 /* Debug */,
				8CFD2E332A07835F001B2AA4 /* Release */,
			);
			defaultConfigurationIsVisible = 0;
			defaultConfigurationName = Release;
		};
/* End XCConfigurationList section */
	};
	rootObject = 8CFD2DF92A07835B001B2AA4 /* Project object */;
}
